
Microsoft Visual Studio Solution File, Format Version 12.00
# Visual Studio Version 16
VisualStudioVersion = 16.0.31205.134
MinimumVisualStudioVersion = 10.0.40219.1
Project("{FAE04EC0-301F-11D3-BF4B-00C04F79EFBC}") = "VeloMax", "VeloMax\VeloMax.csproj", "{5B3804D3-4095-479D-8D7D-4EF0BBD5E231}"
EndProject
Global
	GlobalSection(SolutionConfigurationPlatforms) = preSolution
		Debug|Any CPU = Debug|Any CPU
		Release|Any CPU = Release|Any CPU
	EndGlobalSection
	GlobalSection(ProjectConfigurationPlatforms) = postSolution
		{5B3804D3-4095-479D-8D7D-4EF0BBD5E231}.Debug|Any CPU.ActiveCfg = Debug|Any CPU
		{5B3804D3-4095-479D-8D7D-4EF0BBD5E231}.Debug|Any CPU.Build.0 = Debug|Any CPU
		{5B3804D3-4095-479D-8D7D-4EF0BBD5E231}.Release|Any CPU.ActiveCfg = Release|Any CPU
		{5B3804D3-4095-479D-8D7D-4EF0BBD5E231}.Release|Any CPU.Build.0 = Release|Any CPU
	EndGlobalSection
	GlobalSection(SolutionProperties) = preSolution
		HideSolutionNode = FALSE
	EndGlobalSection
	GlobalSection(ExtensibilityGlobals) = postSolution
		SolutionGuid = {41F45DE3-3917-4D4F-B786-AFDD4C88E4BA}
	EndGlobalSection
EndGlobal
